
Microsoft Visual Studio Solution File, Format Version 12.00
# Visual Studio Version 17
VisualStudioVersion = 17.0.31903.59
MinimumVisualStudioVersion = 10.0.40219.1
Project("{2150E333-8FDC-42A3-9474-1A3956D46DE8}") = "src", "src", "{80695543-111C-4B0F-A335-6C3278D39026}"
EndProject
Project("{FAE04EC0-301F-11D3-BF4B-00C04F79EFBC}") = "AKERP.Domain", "src\AKERP.Domain\AKERP.Domain.csproj", "{DD8F3D5D-760B-431D-A41F-21FF0D831366}"
EndProject
Project("{FAE04EC0-301F-11D3-BF4B-00C04F79EFBC}") = "AKERP.Application", "src\AKERP.Application\AKERP.Application.csproj", "{70506A3A-FCAA-4984-A9D5-BDC88F8BB14E}"
EndProject
Project("{FAE04EC0-301F-11D3-BF4B-00C04F79EFBC}") = "AKERP.Infrastructure", "src\AKERP.Infrastructure\AKERP.Infrastructure.csproj", "{97C23148-7809-49C0-BC19-10F4CBDB1DF1}"
EndProject
Project("{FAE04EC0-301F-11D3-BF4B-00C04F79EFBC}") = "AKERP.Api", "src\AKERP.Api\AKERP.Api.csproj", "{C5A5AE49-654F-4038-8BBA-A8A932225D2B}"
EndProject
Project("{FAE04EC0-301F-11D3-BF4B-00C04F79EFBC}") = "AKERP.Web", "src\AKERP.Web\AKERP.Web.csproj", "{CFC7BD73-FD96-4A50-93EC-FD4FA68F291B}"
EndProject
Project("{FAE04EC0-301F-11D3-BF4B-00C04F79EFBC}") = "AKERP.Desktop", "src\AKERP.Desktop\AKERP.Desktop.csproj", "{CD858373-5602-4922-9D65-808434183954}"
EndProject
Global
	GlobalSection(SolutionConfigurationPlatforms) = preSolution
		Debug|Any CPU = Debug|Any CPU
		Release|Any CPU = Release|Any CPU
	EndGlobalSection
	GlobalSection(SolutionProperties) = preSolution
		HideSolutionNode = FALSE
	EndGlobalSection
	GlobalSection(ProjectConfigurationPlatforms) = postSolution
		{DD8F3D5D-760B-431D-A41F-21FF0D831366}.Debug|Any CPU.ActiveCfg = Debug|Any CPU
		{DD8F3D5D-760B-431D-A41F-21FF0D831366}.Debug|Any CPU.Build.0 = Debug|Any CPU
		{DD8F3D5D-760B-431D-A41F-21FF0D831366}.Release|Any CPU.ActiveCfg = Release|Any CPU
		{DD8F3D5D-760B-431D-A41F-21FF0D831366}.Release|Any CPU.Build.0 = Release|Any CPU
		{70506A3A-FCAA-4984-A9D5-BDC88F8BB14E}.Debug|Any CPU.ActiveCfg = Debug|Any CPU
		{70506A3A-FCAA-4984-A9D5-BDC88F8BB14E}.Debug|Any CPU.Build.0 = Debug|Any CPU
		{70506A3A-FCAA-4984-A9D5-BDC88F8BB14E}.Release|Any CPU.ActiveCfg = Release|Any CPU
		{70506A3A-FCAA-4984-A9D5-BDC88F8BB14E}.Release|Any CPU.Build.0 = Release|Any CPU
		{97C23148-7809-49C0-BC19-10F4CBDB1DF1}.Debug|Any CPU.ActiveCfg = Debug|Any CPU
		{97C23148-7809-49C0-BC19-10F4CBDB1DF1}.Debug|Any CPU.Build.0 = Debug|Any CPU
		{97C23148-7809-49C0-BC19-10F4CBDB1DF1}.Release|Any CPU.ActiveCfg = Release|Any CPU
		{97C23148-7809-49C0-BC19-10F4CBDB1DF1}.Release|Any CPU.Build.0 = Release|Any CPU
		{C5A5AE49-654F-4038-8BBA-A8A932225D2B}.Debug|Any CPU.ActiveCfg = Debug|Any CPU
		{C5A5AE49-654F-4038-8BBA-A8A932225D2B}.Debug|Any CPU.Build.0 = Debug|Any CPU
		{C5A5AE49-654F-4038-8BBA-A8A932225D2B}.Release|Any CPU.ActiveCfg = Release|Any CPU
		{C5A5AE49-654F-4038-8BBA-A8A932225D2B}.Release|Any CPU.Build.0 = Release|Any CPU
		{CFC7BD73-FD96-4A50-93EC-FD4FA68F291B}.Debug|Any CPU.ActiveCfg = Debug|Any CPU
		{CFC7BD73-FD96-4A50-93EC-FD4FA68F291B}.Debug|Any CPU.Build.0 = Debug|Any CPU
		{CFC7BD73-FD96-4A50-93EC-FD4FA68F291B}.Release|Any CPU.ActiveCfg = Release|Any CPU
		{CFC7BD73-FD96-4A50-93EC-FD4FA68F291B}.Release|Any CPU.Build.0 = Release|Any CPU
		{CD858373-5602-4922-9D65-808434183954}.Debug|Any CPU.ActiveCfg = Debug|Any CPU
		{CD858373-5602-4922-9D65-808434183954}.Debug|Any CPU.Build.0 = Debug|Any CPU
		{CD858373-5602-4922-9D65-808434183954}.Release|Any CPU.ActiveCfg = Release|Any CPU
		{CD858373-5602-4922-9D65-808434183954}.Release|Any CPU.Build.0 = Release|Any CPU
	EndGlobalSection
	GlobalSection(NestedProjects) = preSolution
		{DD8F3D5D-760B-431D-A41F-21FF0D831366} = {80695543-111C-4B0F-A335-6C3278D39026}
		{70506A3A-FCAA-4984-A9D5-BDC88F8BB14E} = {80695543-111C-4B0F-A335-6C3278D39026}
		{97C23148-7809-49C0-BC19-10F4CBDB1DF1} = {80695543-111C-4B0F-A335-6C3278D39026}
		{C5A5AE49-654F-4038-8BBA-A8A932225D2B} = {80695543-111C-4B0F-A335-6C3278D39026}
		{CFC7BD73-FD96-4A50-93EC-FD4FA68F291B} = {80695543-111C-4B0F-A335-6C3278D39026}
		{CD858373-5602-4922-9D65-808434183954} = {80695543-111C-4B0F-A335-6C3278D39026}
	EndGlobalSection
EndGlobal
